
Microsoft Visual Studio Solution File, Format Version 12.00
# Visual Studio 15
VisualStudioVersion = 15.0.27428.2043
MinimumVisualStudioVersion = 10.0.40219.1
Project("{8BC9CEB8-8B4A-11D0-8D11-00A0C91BC942}") = "Game", "Game\Game.vcxproj", "{5D50D534-FF27-425F-AB81-35B7EB1B3DA0}"
EndProject
Project("{FAE04EC0-301F-11D3-BF4B-00C04F79EFBC}") = "GameEditor", "ImageTest\GameEditor.csproj", "{BC1202C4-C494-42E8-81AC-8DF4C3CC7FDC}"
EndProject
Project("{8BC9CEB8-8B4A-11D0-8D11-00A0C91BC942}") = "Server", "Network\Client\Client.vcxproj", "{39AB67CD-C3CA-422F-898E-370BBAE34646}"
EndProject
Project("{2150E333-8FDC-42A3-9474-1A3956D46DE8}") = "공용", "공용", "{E3439928-1972-4148-BF5A-1734ECA991AE}"
	ProjectSection(SolutionItems) = preProject
		Game\Text.txt = Game\Text.txt
		Script\TextureList.xml = Script\TextureList.xml
		Script\TileList.xml = Script\TileList.xml
	EndProjectSection
EndProject
Global
	GlobalSection(SolutionConfigurationPlatforms) = preSolution
		Debug|Any CPU = Debug|Any CPU
		Debug|x64 = Debug|x64
		Debug|x86 = Debug|x86
		Release|Any CPU = Release|Any CPU
		Release|x64 = Release|x64
		Release|x86 = Release|x86
	EndGlobalSection
	GlobalSection(ProjectConfigurationPlatforms) = postSolution
		{5D50D534-FF27-425F-AB81-35B7EB1B3DA0}.Debug|Any CPU.ActiveCfg = Debug|Win32
		{5D50D534-FF27-425F-AB81-35B7EB1B3DA0}.Debug|x64.ActiveCfg = Debug|x64
		{5D50D534-FF27-425F-AB81-35B7EB1B3DA0}.Debug|x64.Build.0 = Debug|x64
		{5D50D534-FF27-425F-AB81-35B7EB1B3DA0}.Debug|x86.ActiveCfg = Debug|Win32
		{5D50D534-FF27-425F-AB81-35B7EB1B3DA0}.Debug|x86.Build.0 = Debug|Win32
		{5D50D534-FF27-425F-AB81-35B7EB1B3DA0}.Release|Any CPU.ActiveCfg = Release|Win32
		{5D50D534-FF27-425F-AB81-35B7EB1B3DA0}.Release|x64.ActiveCfg = Release|x64
		{5D50D534-FF27-425F-AB81-35B7EB1B3DA0}.Release|x64.Build.0 = Release|x64
		{5D50D534-FF27-425F-AB81-35B7EB1B3DA0}.Release|x86.ActiveCfg = Release|Win32
		{5D50D534-FF27-425F-AB81-35B7EB1B3DA0}.Release|x86.Build.0 = Release|Win32
		{BC1202C4-C494-42E8-81AC-8DF4C3CC7FDC}.Debug|Any CPU.ActiveCfg = Debug|Any CPU
		{BC1202C4-C494-42E8-81AC-8DF4C3CC7FDC}.Debug|Any CPU.Build.0 = Debug|Any CPU
		{BC1202C4-C494-42E8-81AC-8DF4C3CC7FDC}.Debug|x64.ActiveCfg = Debug|Any CPU
		{BC1202C4-C494-42E8-81AC-8DF4C3CC7FDC}.Debug|x64.Build.0 = Debug|Any CPU
		{BC1202C4-C494-42E8-81AC-8DF4C3CC7FDC}.Debug|x86.ActiveCfg = Debug|Any CPU
		{BC1202C4-C494-42E8-81AC-8DF4C3CC7FDC}.Debug|x86.Build.0 = Debug|Any CPU
		{BC1202C4-C494-42E8-81AC-8DF4C3CC7FDC}.Release|Any CPU.ActiveCfg = Release|Any CPU
		{BC1202C4-C494-42E8-81AC-8DF4C3CC7FDC}.Release|Any CPU.Build.0 = Release|Any CPU
		{BC1202C4-C494-42E8-81AC-8DF4C3CC7FDC}.Release|x64.ActiveCfg = Release|Any CPU
		{BC1202C4-C494-42E8-81AC-8DF4C3CC7FDC}.Release|x64.Build.0 = Release|Any CPU
		{BC1202C4-C494-42E8-81AC-8DF4C3CC7FDC}.Release|x86.ActiveCfg = Release|Any CPU
		{BC1202C4-C494-42E8-81AC-8DF4C3CC7FDC}.Release|x86.Build.0 = Release|Any CPU
		{39AB67CD-C3CA-422F-898E-370BBAE34646}.Debug|Any CPU.ActiveCfg = Debug|Win32
		{39AB67CD-C3CA-422F-898E-370BBAE34646}.Debug|x64.ActiveCfg = Debug|x64
		{39AB67CD-C3CA-422F-898E-370BBAE34646}.Debug|x64.Build.0 = Debug|x64
		{39AB67CD-C3CA-422F-898E-370BBAE34646}.Debug|x86.ActiveCfg = Debug|Win32
		{39AB67CD-C3CA-422F-898E-370BBAE34646}.Debug|x86.Build.0 = Debug|Win32
		{39AB67CD-C3CA-422F-898E-370BBAE34646}.Release|Any CPU.ActiveCfg = Release|Win32
		{39AB67CD-C3CA-422F-898E-370BBAE34646}.Release|x64.ActiveCfg = Release|x64
		{39AB67CD-C3CA-422F-898E-370BBAE34646}.Release|x64.Build.0 = Release|x64
		{39AB67CD-C3CA-422F-898E-370BBAE34646}.Release|x86.ActiveCfg = Release|Win32
		{39AB67CD-C3CA-422F-898E-370BBAE34646}.Release|x86.Build.0 = Release|Win32
	EndGlobalSection
	GlobalSection(SolutionProperties) = preSolution
		HideSolutionNode = FALSE
	EndGlobalSection
	GlobalSection(ExtensibilityGlobals) = postSolution
		SolutionGuid = {1162D568-D479-483C-9D4E-FB0C18DFFE1B}
	EndGlobalSection
EndGlobal
